<?xml version="1.0" encoding="utf-8"?>
<Project ToolsVersion="15.0" xmlns="http://schemas.microsoft.com/developer/msbuild/2003">
  <ItemGroup>
    <ClCompile Include="C:\Workspace\GitHub\cpp\bigint\big_integer_testing.cpp">
      <Filter>Source Files</Filter>
    </ClCompile>
    <ClCompile Include="C:\Workspace\GitHub\cpp\bigint\big_integer.cpp">
      <Filter>Source Files</Filter>
    </ClCompile>
    <ClCompile Include="C:\Workspace\GitHub\cpp\bigint\gtest\gtest-all.cc">
      <Filter>Source Files</Filter>
    </ClCompile>
    <ClCompile Include="C:\Workspace\GitHub\cpp\bigint\gtest\gtest_main.cc">
      <Filter>Source Files</Filter>
    </ClCompile>
  </ItemGroup>
  <ItemGroup>
    <ClInclude Include="C:\Workspace\GitHub\cpp\bigint\big_integer.h">
      <Filter>Header Files</Filter>
    </ClInclude>
    <ClInclude Include="C:\Workspace\GitHub\cpp\bigint\gtest\gtest.h">
      <Filter>Header Files</Filter>
    </ClInclude>
  </ItemGroup>
  <ItemGroup>
    <CustomBuild Include="C:\Workspace\GitHub\cpp\bigint\CMakeLists.txt" />
  </ItemGroup>
  <ItemGroup>
    <Filter Include="Header Files">
      <UniqueIdentifier>{937B1094-2233-3677-88E3-56B3BE1C272C}</UniqueIdentifier>
    </Filter>
    <Filter Include="Source Files">
      <UniqueIdentifier>{F524B2D1-45F7-3AEC-9009-BADF43E47FC6}</UniqueIdentifier>
    </Filter>
  </ItemGroup>
</Project>
